Microsoft Visual Studio Solution File, Format Version 12.00
# Visual Studio Version 17
VisualStudioVersion = 17.5.2.0
MinimumVisualStudioVersion = 10.0.40219.1
Project("{FAE04EC0-301F-11D3-BF4B-00C04F79EFBC}") = "Pepito_Appsdev_Finals", "Pepito_Appsdev_Finals.csproj", "{FE1A1278-C226-52E6-CB58-D8E6C576E7BF}"
EndProject
Global
	GlobalSection(SolutionConfigurationPlatforms) = preSolution
		Debug|Any CPU = Debug|Any CPU
		Release|Any CPU = Release|Any CPU
	EndGlobalSection
	GlobalSection(ProjectConfigurationPlatforms) = postSolution
		{FE1A1278-C226-52E6-CB58-D8E6C576E7BF}.Debug|Any CPU.ActiveCfg = Debug|Any CPU
		{FE1A1278-C226-52E6-CB58-D8E6C576E7BF}.Debug|Any CPU.Build.0 = Debug|Any CPU
		{FE1A1278-C226-52E6-CB58-D8E6C576E7BF}.Release|Any CPU.ActiveCfg = Release|Any CPU
		{FE1A1278-C226-52E6-CB58-D8E6C576E7BF}.Release|Any CPU.Build.0 = Release|Any CPU
	EndGlobalSection
	GlobalSection(SolutionProperties) = preSolution
		HideSolutionNode = FALSE
	EndGlobalSection
	GlobalSection(ExtensibilityGlobals) = postSolution
		SolutionGuid = {FE37B4BD-0520-4758-B90C-1E7A22CC42B8}
	EndGlobalSection
EndGlobal
